
Microsoft Visual Studio Solution File, Format Version 12.00
# Visual Studio 2013
VisualStudioVersion = 12.0.21005.1
MinimumVisualStudioVersion = 10.0.40219.1
Project("{FAE04EC0-301F-11D3-BF4B-00C04F79EFBC}") = "BLL", "BLL\BLL.csproj", "{E10D0678-612D-4FCA-A0EA-ABB5D6E52B71}"
EndProject
Project("{FAE04EC0-301F-11D3-BF4B-00C04F79EFBC}") = "DAL", "DAL\DAL.csproj", "{FB8C021B-7A58-4800-813A-0045F12F62C3}"
EndProject
Project("{FAE04EC0-301F-11D3-BF4B-00C04F79EFBC}") = "WcfRestByWeb", "WcfServiceByWeb\WcfRestByWeb.csproj", "{E95FF36E-2378-44D3-91B6-3FBBB12C0F39}"
EndProject
Project("{FAE04EC0-301F-11D3-BF4B-00C04F79EFBC}") = "WcfRestByWin", "WcfServiceByWin\WcfRestByWin.csproj", "{82B85FA1-91AF-49CE-847F-CFAE57637584}"
EndProject
Project("{2150E333-8FDC-42A3-9474-1A3956D46DE8}") = "NonRestWcf", "NonRestWcf", "{4E04AB38-A02D-45FB-852F-5E7639A540E6}"
EndProject
Project("{2150E333-8FDC-42A3-9474-1A3956D46DE8}") = "RestWcf", "RestWcf", "{728982E1-D4D5-4417-BDA0-A54134D0C6A6}"
EndProject
Project("{FAE04EC0-301F-11D3-BF4B-00C04F79EFBC}") = "WinformClient", "WinformClient\WinformClient.csproj", "{C689E0CA-05DF-40EE-96F1-0D70F357E59E}"
	ProjectSection(ProjectDependencies) = postProject
		{9E96324A-7F9A-408F-BA88-31D583FDF4A4} = {9E96324A-7F9A-408F-BA88-31D583FDF4A4}
		{5B76BACD-77DF-42D7-A4C1-2F9BBF8449EB} = {5B76BACD-77DF-42D7-A4C1-2F9BBF8449EB}
	EndProjectSection
EndProject
Project("{FAE04EC0-301F-11D3-BF4B-00C04F79EFBC}") = "SLClient", "SLClient\SLClient.csproj", "{7233EE1E-27BC-4D4F-9BC2-041FFF0F010F}"
	ProjectSection(ProjectDependencies) = postProject
		{9E96324A-7F9A-408F-BA88-31D583FDF4A4} = {9E96324A-7F9A-408F-BA88-31D583FDF4A4}
	EndProjectSection
EndProject
Project("{FAE04EC0-301F-11D3-BF4B-00C04F79EFBC}") = "WindowService", "ManagedService\WindowService.csproj", "{943519DE-F6F7-4C8F-AB54-BFCC24001606}"
EndProject
Project("{2150E333-8FDC-42A3-9474-1A3956D46DE8}") = "NonRestClient", "NonRestClient", "{1F9E5B74-A936-4BDF-8279-75F7F5947C06}"
EndProject
Project("{FAE04EC0-301F-11D3-BF4B-00C04F79EFBC}") = "WcfByWin", "WcfByWin\WcfByWin.csproj", "{5B76BACD-77DF-42D7-A4C1-2F9BBF8449EB}"
EndProject
Project("{FAE04EC0-301F-11D3-BF4B-00C04F79EFBC}") = "WcfByWeb", "WcfByWeb\WcfByWeb.csproj", "{9E96324A-7F9A-408F-BA88-31D583FDF4A4}"
EndProject
Project("{2150E333-8FDC-42A3-9474-1A3956D46DE8}") = "MusicStoreRest", "MusicStoreRest", "{001E3DEF-7918-459B-A539-1972492FE895}"
EndProject
Project("{FAE04EC0-301F-11D3-BF4B-00C04F79EFBC}") = "MusicStoreRestByWebHost", "MusicStoreRestByWebHost\MusicStoreRestByWebHost.csproj", "{81BAC04F-3B3E-4785-89FD-924503E64BDD}"
EndProject
Project("{FAE04EC0-301F-11D3-BF4B-00C04F79EFBC}") = "MusicStoreRestWebApi", "MusicStoreRestWebApi\MusicStoreRestWebApi.csproj", "{ED41AE9F-D4AF-4739-AEA8-A8C2DF0BF67C}"
EndProject
Project("{FAE04EC0-301F-11D3-BF4B-00C04F79EFBC}") = "MusicStoreDAL", "MusicStoreDAL\MusicStoreDAL.csproj", "{082F02B1-B766-408E-A5AF-759AEBEF551B}"
EndProject
Project("{FAE04EC0-301F-11D3-BF4B-00C04F79EFBC}") = "MusicStoreBIL", "MusicStoreBIL\MusicStoreBIL.csproj", "{76DAADEF-57FD-4FB9-A333-91AD7DEBCEF9}"
EndProject
Project("{FAE04EC0-301F-11D3-BF4B-00C04F79EFBC}") = "MusicStoreWcfRestByWindows", "MusicStoreWcfRestByWindows\MusicStoreWcfRestByWindows.csproj", "{FAD4AF4F-1F29-4305-B27F-24D08E86EC47}"
EndProject
Project("{FAE04EC0-301F-11D3-BF4B-00C04F79EFBC}") = "MusicStoreWcfRestContract", "MusicStoreWcfRestContract\MusicStoreWcfRestContract.csproj", "{CCFB6C47-DB02-4E74-8AEF-BC0E39BFC563}"
EndProject
Project("{FAE04EC0-301F-11D3-BF4B-00C04F79EFBC}") = "MusicStoreWcfRestService", "MusicStoreWcfRestService\MusicStoreWcfRestService.csproj", "{B15E5EBF-3CA1-4E57-A424-D46E835035B0}"
EndProject
Project("{FAE04EC0-301F-11D3-BF4B-00C04F79EFBC}") = "MusicStoreUtils", "MusicStoreUtils\MusicStoreUtils.csproj", "{CDB2E23E-1268-4688-994C-DB515758788E}"
EndProject
Project("{FAE04EC0-301F-11D3-BF4B-00C04F79EFBC}") = "MusicStoreWcfRestByWindowsServiceHost", "MusicStoreWcfRestByWindowsServiceHost\MusicStoreWcfRestByWindowsServiceHost.csproj", "{2DC89F2B-F826-4A42-9218-573455E4EC89}"
EndProject
Project("{FAE04EC0-301F-11D3-BF4B-00C04F79EFBC}") = "MusicStoreWcfRestBySimpleWebHost", "MusicStoreWcfRestBySimpleWebHost\MusicStoreWcfRestBySimpleWebHost.csproj", "{E13B3769-AFDA-4EFD-9075-570A3FC3FF31}"
EndProject
Project("{FAE04EC0-301F-11D3-BF4B-00C04F79EFBC}") = "MusicStoreWcfRestByWindowsServiceSelfInstall", "MusicStoreWcfRestByWindowsServiceSelfInstall\MusicStoreWcfRestByWindowsServiceSelfInstall.csproj", "{57008ABA-3D0A-400D-A286-4155057A217C}"
EndProject
Project("{FAE04EC0-301F-11D3-BF4B-00C04F79EFBC}") = "MusicStoreWcfRestByIIS", "MusicStoreWcfRestByIIS\MusicStoreWcfRestByIIS.csproj", "{B3C6BB04-86A6-449F-8F5D-8DA5B4CA213B}"
EndProject
Global
	GlobalSection(SolutionConfigurationPlatforms) = preSolution
		Debug|Any CPU = Debug|Any CPU
		Debug|Mixed Platforms = Debug|Mixed Platforms
		Debug|x86 = Debug|x86
		Release|Any CPU = Release|Any CPU
		Release|Mixed Platforms = Release|Mixed Platforms
		Release|x86 = Release|x86
	EndGlobalSection
	GlobalSection(ProjectConfigurationPlatforms) = postSolution
		{E10D0678-612D-4FCA-A0EA-ABB5D6E52B71}.Debug|Any CPU.ActiveCfg = Debug|Any CPU
		{E10D0678-612D-4FCA-A0EA-ABB5D6E52B71}.Debug|Any CPU.Build.0 = Debug|Any CPU
		{E10D0678-612D-4FCA-A0EA-ABB5D6E52B71}.Debug|Mixed Platforms.ActiveCfg = Debug|Any CPU
		{E10D0678-612D-4FCA-A0EA-ABB5D6E52B71}.Debug|Mixed Platforms.Build.0 = Debug|Any CPU
		{E10D0678-612D-4FCA-A0EA-ABB5D6E52B71}.Debug|x86.ActiveCfg = Debug|Any CPU
		{E10D0678-612D-4FCA-A0EA-ABB5D6E52B71}.Release|Any CPU.ActiveCfg = Release|Any CPU
		{E10D0678-612D-4FCA-A0EA-ABB5D6E52B71}.Release|Any CPU.Build.0 = Release|Any CPU
		{E10D0678-612D-4FCA-A0EA-ABB5D6E52B71}.Release|Mixed Platforms.ActiveCfg = Release|Any CPU
		{E10D0678-612D-4FCA-A0EA-ABB5D6E52B71}.Release|Mixed Platforms.Build.0 = Release|Any CPU
		{E10D0678-612D-4FCA-A0EA-ABB5D6E52B71}.Release|x86.ActiveCfg = Release|Any CPU
		{FB8C021B-7A58-4800-813A-0045F12F62C3}.Debug|Any CPU.ActiveCfg = Debug|Any CPU
		{FB8C021B-7A58-4800-813A-0045F12F62C3}.Debug|Any CPU.Build.0 = Debug|Any CPU
		{FB8C021B-7A58-4800-813A-0045F12F62C3}.Debug|Mixed Platforms.ActiveCfg = Debug|Any CPU
		{FB8C021B-7A58-4800-813A-0045F12F62C3}.Debug|Mixed Platforms.Build.0 = Debug|Any CPU
		{FB8C021B-7A58-4800-813A-0045F12F62C3}.Debug|x86.ActiveCfg = Debug|Any CPU
		{FB8C021B-7A58-4800-813A-0045F12F62C3}.Release|Any CPU.ActiveCfg = Release|Any CPU
		{FB8C021B-7A58-4800-813A-0045F12F62C3}.Release|Any CPU.Build.0 = Release|Any CPU
		{FB8C021B-7A58-4800-813A-0045F12F62C3}.Release|Mixed Platforms.ActiveCfg = Release|Any CPU
		{FB8C021B-7A58-4800-813A-0045F12F62C3}.Release|Mixed Platforms.Build.0 = Release|Any CPU
		{FB8C021B-7A58-4800-813A-0045F12F62C3}.Release|x86.ActiveCfg = Release|Any CPU
		{E95FF36E-2378-44D3-91B6-3FBBB12C0F39}.Debug|Any CPU.ActiveCfg = Debug|Any CPU
		{E95FF36E-2378-44D3-91B6-3FBBB12C0F39}.Debug|Any CPU.Build.0 = Debug|Any CPU
		{E95FF36E-2378-44D3-91B6-3FBBB12C0F39}.Debug|Mixed Platforms.ActiveCfg = Debug|Any CPU
		{E95FF36E-2378-44D3-91B6-3FBBB12C0F39}.Debug|Mixed Platforms.Build.0 = Debug|Any CPU
		{E95FF36E-2378-44D3-91B6-3FBBB12C0F39}.Debug|x86.ActiveCfg = Debug|Any CPU
		{E95FF36E-2378-44D3-91B6-3FBBB12C0F39}.Release|Any CPU.ActiveCfg = Release|Any CPU
		{E95FF36E-2378-44D3-91B6-3FBBB12C0F39}.Release|Any CPU.Build.0 = Release|Any CPU
		{E95FF36E-2378-44D3-91B6-3FBBB12C0F39}.Release|Mixed Platforms.ActiveCfg = Release|Any CPU
		{E95FF36E-2378-44D3-91B6-3FBBB12C0F39}.Release|Mixed Platforms.Build.0 = Release|Any CPU
		{E95FF36E-2378-44D3-91B6-3FBBB12C0F39}.Release|x86.ActiveCfg = Release|Any CPU
		{82B85FA1-91AF-49CE-847F-CFAE57637584}.Debug|Any CPU.ActiveCfg = Debug|Any CPU
		{82B85FA1-91AF-49CE-847F-CFAE57637584}.Debug|Any CPU.Build.0 = Debug|Any CPU
		{82B85FA1-91AF-49CE-847F-CFAE57637584}.Debug|Mixed Platforms.ActiveCfg = Debug|Any CPU
		{82B85FA1-91AF-49CE-847F-CFAE57637584}.Debug|Mixed Platforms.Build.0 = Debug|Any CPU
		{82B85FA1-91AF-49CE-847F-CFAE57637584}.Debug|x86.ActiveCfg = Debug|Any CPU
		{82B85FA1-91AF-49CE-847F-CFAE57637584}.Release|Any CPU.ActiveCfg = Release|Any CPU
		{82B85FA1-91AF-49CE-847F-CFAE57637584}.Release|Any CPU.Build.0 = Release|Any CPU
		{82B85FA1-91AF-49CE-847F-CFAE57637584}.Release|Mixed Platforms.ActiveCfg = Release|Any CPU
		{82B85FA1-91AF-49CE-847F-CFAE57637584}.Release|Mixed Platforms.Build.0 = Release|Any CPU
		{82B85FA1-91AF-49CE-847F-CFAE57637584}.Release|x86.ActiveCfg = Release|Any CPU
		{C689E0CA-05DF-40EE-96F1-0D70F357E59E}.Debug|Any CPU.ActiveCfg = Debug|Any CPU
		{C689E0CA-05DF-40EE-96F1-0D70F357E59E}.Debug|Any CPU.Build.0 = Debug|Any CPU
		{C689E0CA-05DF-40EE-96F1-0D70F357E59E}.Debug|Mixed Platforms.ActiveCfg = Debug|Any CPU
		{C689E0CA-05DF-40EE-96F1-0D70F357E59E}.Debug|Mixed Platforms.Build.0 = Debug|Any CPU
		{C689E0CA-05DF-40EE-96F1-0D70F357E59E}.Debug|x86.ActiveCfg = Debug|Any CPU
		{C689E0CA-05DF-40EE-96F1-0D70F357E59E}.Release|Any CPU.ActiveCfg = Release|Any CPU
		{C689E0CA-05DF-40EE-96F1-0D70F357E59E}.Release|Any CPU.Build.0 = Release|Any CPU
		{C689E0CA-05DF-40EE-96F1-0D70F357E59E}.Release|Mixed Platforms.ActiveCfg = Release|Any CPU
		{C689E0CA-05DF-40EE-96F1-0D70F357E59E}.Release|Mixed Platforms.Build.0 = Release|Any CPU
		{C689E0CA-05DF-40EE-96F1-0D70F357E59E}.Release|x86.ActiveCfg = Release|Any CPU
		{7233EE1E-27BC-4D4F-9BC2-041FFF0F010F}.Debug|Any CPU.ActiveCfg = Debug|Any CPU
		{7233EE1E-27BC-4D4F-9BC2-041FFF0F010F}.Debug|Any CPU.Build.0 = Debug|Any CPU
		{7233EE1E-27BC-4D4F-9BC2-041FFF0F010F}.Debug|Mixed Platforms.ActiveCfg = Debug|Any CPU
		{7233EE1E-27BC-4D4F-9BC2-041FFF0F010F}.Debug|Mixed Platforms.Build.0 = Debug|Any CPU
		{7233EE1E-27BC-4D4F-9BC2-041FFF0F010F}.Debug|x86.ActiveCfg = Debug|Any CPU
		{7233EE1E-27BC-4D4F-9BC2-041FFF0F010F}.Release|Any CPU.ActiveCfg = Release|Any CPU
		{7233EE1E-27BC-4D4F-9BC2-041FFF0F010F}.Release|Any CPU.Build.0 = Release|Any CPU
		{7233EE1E-27BC-4D4F-9BC2-041FFF0F010F}.Release|Mixed Platforms.ActiveCfg = Release|Any CPU
		{7233EE1E-27BC-4D4F-9BC2-041FFF0F010F}.Release|Mixed Platforms.Build.0 = Release|Any CPU
		{7233EE1E-27BC-4D4F-9BC2-041FFF0F010F}.Release|x86.ActiveCfg = Release|Any CPU
		{943519DE-F6F7-4C8F-AB54-BFCC24001606}.Debug|Any CPU.ActiveCfg = Debug|x86
		{943519DE-F6F7-4C8F-AB54-BFCC24001606}.Debug|Mixed Platforms.ActiveCfg = Debug|x86
		{943519DE-F6F7-4C8F-AB54-BFCC24001606}.Debug|Mixed Platforms.Build.0 = Debug|x86
		{943519DE-F6F7-4C8F-AB54-BFCC24001606}.Debug|x86.ActiveCfg = Debug|x86
		{943519DE-F6F7-4C8F-AB54-BFCC24001606}.Debug|x86.Build.0 = Debug|x86
		{943519DE-F6F7-4C8F-AB54-BFCC24001606}.Release|Any CPU.ActiveCfg = Release|x86
		{943519DE-F6F7-4C8F-AB54-BFCC24001606}.Release|Mixed Platforms.ActiveCfg = Release|x86
		{943519DE-F6F7-4C8F-AB54-BFCC24001606}.Release|Mixed Platforms.Build.0 = Release|x86
		{943519DE-F6F7-4C8F-AB54-BFCC24001606}.Release|x86.ActiveCfg = Release|x86
		{943519DE-F6F7-4C8F-AB54-BFCC24001606}.Release|x86.Build.0 = Release|x86
		{5B76BACD-77DF-42D7-A4C1-2F9BBF8449EB}.Debug|Any CPU.ActiveCfg = Debug|Any CPU
		{5B76BACD-77DF-42D7-A4C1-2F9BBF8449EB}.Debug|Any CPU.Build.0 = Debug|Any CPU
		{5B76BACD-77DF-42D7-A4C1-2F9BBF8449EB}.Debug|Mixed Platforms.ActiveCfg = Debug|Any CPU
		{5B76BACD-77DF-42D7-A4C1-2F9BBF8449EB}.Debug|Mixed Platforms.Build.0 = Debug|Any CPU
		{5B76BACD-77DF-42D7-A4C1-2F9BBF8449EB}.Debug|x86.ActiveCfg = Debug|Any CPU
		{5B76BACD-77DF-42D7-A4C1-2F9BBF8449EB}.Release|Any CPU.ActiveCfg = Release|Any CPU
		{5B76BACD-77DF-42D7-A4C1-2F9BBF8449EB}.Release|Any CPU.Build.0 = Release|Any CPU
		{5B76BACD-77DF-42D7-A4C1-2F9BBF8449EB}.Release|Mixed Platforms.ActiveCfg = Release|Any CPU
		{5B76BACD-77DF-42D7-A4C1-2F9BBF8449EB}.Release|Mixed Platforms.Build.0 = Release|Any CPU
		{5B76BACD-77DF-42D7-A4C1-2F9BBF8449EB}.Release|x86.ActiveCfg = Release|Any CPU
		{9E96324A-7F9A-408F-BA88-31D583FDF4A4}.Debug|Any CPU.ActiveCfg = Debug|Any CPU
		{9E96324A-7F9A-408F-BA88-31D583FDF4A4}.Debug|Any CPU.Build.0 = Debug|Any CPU
		{9E96324A-7F9A-408F-BA88-31D583FDF4A4}.Debug|Mixed Platforms.ActiveCfg = Debug|Any CPU
		{9E96324A-7F9A-408F-BA88-31D583FDF4A4}.Debug|Mixed Platforms.Build.0 = Debug|Any CPU
		{9E96324A-7F9A-408F-BA88-31D583FDF4A4}.Debug|x86.ActiveCfg = Debug|Any CPU
		{9E96324A-7F9A-408F-BA88-31D583FDF4A4}.Release|Any CPU.ActiveCfg = Release|Any CPU
		{9E96324A-7F9A-408F-BA88-31D583FDF4A4}.Release|Any CPU.Build.0 = Release|Any CPU
		{9E96324A-7F9A-408F-BA88-31D583FDF4A4}.Release|Mixed Platforms.ActiveCfg = Release|Any CPU
		{9E96324A-7F9A-408F-BA88-31D583FDF4A4}.Release|Mixed Platforms.Build.0 = Release|Any CPU
		{9E96324A-7F9A-408F-BA88-31D583FDF4A4}.Release|x86.ActiveCfg = Release|Any CPU
		{81BAC04F-3B3E-4785-89FD-924503E64BDD}.Debug|Any CPU.ActiveCfg = Debug|Any CPU
		{81BAC04F-3B3E-4785-89FD-924503E64BDD}.Debug|Any CPU.Build.0 = Debug|Any CPU
		{81BAC04F-3B3E-4785-89FD-924503E64BDD}.Debug|Mixed Platforms.ActiveCfg = Debug|Any CPU
		{81BAC04F-3B3E-4785-89FD-924503E64BDD}.Debug|Mixed Platforms.Build.0 = Debug|Any CPU
		{81BAC04F-3B3E-4785-89FD-924503E64BDD}.Debug|x86.ActiveCfg = Debug|Any CPU
		{81BAC04F-3B3E-4785-89FD-924503E64BDD}.Release|Any CPU.ActiveCfg = Release|Any CPU
		{81BAC04F-3B3E-4785-89FD-924503E64BDD}.Release|Any CPU.Build.0 = Release|Any CPU
		{81BAC04F-3B3E-4785-89FD-924503E64BDD}.Release|Mixed Platforms.ActiveCfg = Release|Any CPU
		{81BAC04F-3B3E-4785-89FD-924503E64BDD}.Release|Mixed Platforms.Build.0 = Release|Any CPU
		{81BAC04F-3B3E-4785-89FD-924503E64BDD}.Release|x86.ActiveCfg = Release|Any CPU
		{ED41AE9F-D4AF-4739-AEA8-A8C2DF0BF67C}.Debug|Any CPU.ActiveCfg = Debug|Any CPU
		{ED41AE9F-D4AF-4739-AEA8-A8C2DF0BF67C}.Debug|Any CPU.Build.0 = Debug|Any CPU
		{ED41AE9F-D4AF-4739-AEA8-A8C2DF0BF67C}.Debug|Mixed Platforms.ActiveCfg = Debug|Any CPU
		{ED41AE9F-D4AF-4739-AEA8-A8C2DF0BF67C}.Debug|Mixed Platforms.Build.0 = Debug|Any CPU
		{ED41AE9F-D4AF-4739-AEA8-A8C2DF0BF67C}.Debug|x86.ActiveCfg = Debug|Any CPU
		{ED41AE9F-D4AF-4739-AEA8-A8C2DF0BF67C}.Release|Any CPU.ActiveCfg = Release|Any CPU
		{ED41AE9F-D4AF-4739-AEA8-A8C2DF0BF67C}.Release|Any CPU.Build.0 = Release|Any CPU
		{ED41AE9F-D4AF-4739-AEA8-A8C2DF0BF67C}.Release|Mixed Platforms.ActiveCfg = Release|Any CPU
		{ED41AE9F-D4AF-4739-AEA8-A8C2DF0BF67C}.Release|Mixed Platforms.Build.0 = Release|Any CPU
		{ED41AE9F-D4AF-4739-AEA8-A8C2DF0BF67C}.Release|x86.ActiveCfg = Release|Any CPU
		{082F02B1-B766-408E-A5AF-759AEBEF551B}.Debug|Any CPU.ActiveCfg = Debug|Any CPU
		{082F02B1-B766-408E-A5AF-759AEBEF551B}.Debug|Any CPU.Build.0 = Debug|Any CPU
		{082F02B1-B766-408E-A5AF-759AEBEF551B}.Debug|Mixed Platforms.ActiveCfg = Debug|Any CPU
		{082F02B1-B766-408E-A5AF-759AEBEF551B}.Debug|Mixed Platforms.Build.0 = Debug|Any CPU
		{082F02B1-B766-408E-A5AF-759AEBEF551B}.Debug|x86.ActiveCfg = Debug|Any CPU
		{082F02B1-B766-408E-A5AF-759AEBEF551B}.Release|Any CPU.ActiveCfg = Release|Any CPU
		{082F02B1-B766-408E-A5AF-759AEBEF551B}.Release|Any CPU.Build.0 = Release|Any CPU
		{082F02B1-B766-408E-A5AF-759AEBEF551B}.Release|Mixed Platforms.ActiveCfg = Release|Any CPU
		{082F02B1-B766-408E-A5AF-759AEBEF551B}.Release|Mixed Platforms.Build.0 = Release|Any CPU
		{082F02B1-B766-408E-A5AF-759AEBEF551B}.Release|x86.ActiveCfg = Release|Any CPU
		{76DAADEF-57FD-4FB9-A333-91AD7DEBCEF9}.Debug|Any CPU.ActiveCfg = Debug|Any CPU
		{76DAADEF-57FD-4FB9-A333-91AD7DEBCEF9}.Debug|Any CPU.Build.0 = Debug|Any CPU
		{76DAADEF-57FD-4FB9-A333-91AD7DEBCEF9}.Debug|Mixed Platforms.ActiveCfg = Debug|Any CPU
		{76DAADEF-57FD-4FB9-A333-91AD7DEBCEF9}.Debug|Mixed Platforms.Build.0 = Debug|Any CPU
		{76DAADEF-57FD-4FB9-A333-91AD7DEBCEF9}.Debug|x86.ActiveCfg = Debug|Any CPU
		{76DAADEF-57FD-4FB9-A333-91AD7DEBCEF9}.Release|Any CPU.ActiveCfg = Release|Any CPU
		{76DAADEF-57FD-4FB9-A333-91AD7DEBCEF9}.Release|Any CPU.Build.0 = Release|Any CPU
		{76DAADEF-57FD-4FB9-A333-91AD7DEBCEF9}.Release|Mixed Platforms.ActiveCfg = Release|Any CPU
		{76DAADEF-57FD-4FB9-A333-91AD7DEBCEF9}.Release|Mixed Platforms.Build.0 = Release|Any CPU
		{76DAADEF-57FD-4FB9-A333-91AD7DEBCEF9}.Release|x86.ActiveCfg = Release|Any CPU
		{FAD4AF4F-1F29-4305-B27F-24D08E86EC47}.Debug|Any CPU.ActiveCfg = Debug|Any CPU
		{FAD4AF4F-1F29-4305-B27F-24D08E86EC47}.Debug|Any CPU.Build.0 = Debug|Any CPU
		{FAD4AF4F-1F29-4305-B27F-24D08E86EC47}.Debug|Mixed Platforms.ActiveCfg = Debug|Any CPU
		{FAD4AF4F-1F29-4305-B27F-24D08E86EC47}.Debug|Mixed Platforms.Build.0 = Debug|Any CPU
		{FAD4AF4F-1F29-4305-B27F-24D08E86EC47}.Debug|x86.ActiveCfg = Debug|Any CPU
		{FAD4AF4F-1F29-4305-B27F-24D08E86EC47}.Release|Any CPU.ActiveCfg = Release|Any CPU
		{FAD4AF4F-1F29-4305-B27F-24D08E86EC47}.Release|Any CPU.Build.0 = Release|Any CPU
		{FAD4AF4F-1F29-4305-B27F-24D08E86EC47}.Release|Mixed Platforms.ActiveCfg = Release|Any CPU
		{FAD4AF4F-1F29-4305-B27F-24D08E86EC47}.Release|Mixed Platforms.Build.0 = Release|Any CPU
		{FAD4AF4F-1F29-4305-B27F-24D08E86EC47}.Release|x86.ActiveCfg = Release|Any CPU
		{CCFB6C47-DB02-4E74-8AEF-BC0E39BFC563}.Debug|Any CPU.ActiveCfg = Debug|Any CPU
		{CCFB6C47-DB02-4E74-8AEF-BC0E39BFC563}.Debug|Any CPU.Build.0 = Debug|Any CPU
		{CCFB6C47-DB02-4E74-8AEF-BC0E39BFC563}.Debug|Mixed Platforms.ActiveCfg = Debug|Any CPU
		{CCFB6C47-DB02-4E74-8AEF-BC0E39BFC563}.Debug|Mixed Platforms.Build.0 = Debug|Any CPU
		{CCFB6C47-DB02-4E74-8AEF-BC0E39BFC563}.Debug|x86.ActiveCfg = Debug|Any CPU
		{CCFB6C47-DB02-4E74-8AEF-BC0E39BFC563}.Release|Any CPU.ActiveCfg = Release|Any CPU
		{CCFB6C47-DB02-4E74-8AEF-BC0E39BFC563}.Release|Any CPU.Build.0 = Release|Any CPU
		{CCFB6C47-DB02-4E74-8AEF-BC0E39BFC563}.Release|Mixed Platforms.ActiveCfg = Release|Any CPU
		{CCFB6C47-DB02-4E74-8AEF-BC0E39BFC563}.Release|Mixed Platforms.Build.0 = Release|Any CPU
		{CCFB6C47-DB02-4E74-8AEF-BC0E39BFC563}.Release|x86.ActiveCfg = Release|Any CPU
		{B15E5EBF-3CA1-4E57-A424-D46E835035B0}.Debug|Any CPU.ActiveCfg = Debug|Any CPU
		{B15E5EBF-3CA1-4E57-A424-D46E835035B0}.Debug|Any CPU.Build.0 = Debug|Any CPU
		{B15E5EBF-3CA1-4E57-A424-D46E835035B0}.Debug|Mixed Platforms.ActiveCfg = Debug|Any CPU
		{B15E5EBF-3CA1-4E57-A424-D46E835035B0}.Debug|Mixed Platforms.Build.0 = Debug|Any CPU
		{B15E5EBF-3CA1-4E57-A424-D46E835035B0}.Debug|x86.ActiveCfg = Debug|Any CPU
		{B15E5EBF-3CA1-4E57-A424-D46E835035B0}.Release|Any CPU.ActiveCfg = Release|Any CPU
		{B15E5EBF-3CA1-4E57-A424-D46E835035B0}.Release|Any CPU.Build.0 = Release|Any CPU
		{B15E5EBF-3CA1-4E57-A424-D46E835035B0}.Release|Mixed Platforms.ActiveCfg = Release|Any CPU
		{B15E5EBF-3CA1-4E57-A424-D46E835035B0}.Release|Mixed Platforms.Build.0 = Release|Any CPU
		{B15E5EBF-3CA1-4E57-A424-D46E835035B0}.Release|x86.ActiveCfg = Release|Any CPU
		{CDB2E23E-1268-4688-994C-DB515758788E}.Debug|Any CPU.ActiveCfg = Debug|Any CPU
		{CDB2E23E-1268-4688-994C-DB515758788E}.Debug|Any CPU.Build.0 = Debug|Any CPU
		{CDB2E23E-1268-4688-994C-DB515758788E}.Debug|Mixed Platforms.ActiveCfg = Debug|Any CPU
		{CDB2E23E-1268-4688-994C-DB515758788E}.Debug|Mixed Platforms.Build.0 = Debug|Any CPU
		{CDB2E23E-1268-4688-994C-DB515758788E}.Debug|x86.ActiveCfg = Debug|Any CPU
		{CDB2E23E-1268-4688-994C-DB515758788E}.Release|Any CPU.ActiveCfg = Release|Any CPU
		{CDB2E23E-1268-4688-994C-DB515758788E}.Release|Any CPU.Build.0 = Release|Any CPU
		{CDB2E23E-1268-4688-994C-DB515758788E}.Release|Mixed Platforms.ActiveCfg = Release|Any CPU
		{CDB2E23E-1268-4688-994C-DB515758788E}.Release|Mixed Platforms.Build.0 = Release|Any CPU
		{CDB2E23E-1268-4688-994C-DB515758788E}.Release|x86.ActiveCfg = Release|Any CPU
		{2DC89F2B-F826-4A42-9218-573455E4EC89}.Debug|Any CPU.ActiveCfg = Debug|Any CPU
		{2DC89F2B-F826-4A42-9218-573455E4EC89}.Debug|Any CPU.Build.0 = Debug|Any CPU
		{2DC89F2B-F826-4A42-9218-573455E4EC89}.Debug|Mixed Platforms.ActiveCfg = Debug|Any CPU
		{2DC89F2B-F826-4A42-9218-573455E4EC89}.Debug|Mixed Platforms.Build.0 = Debug|Any CPU
		{2DC89F2B-F826-4A42-9218-573455E4EC89}.Debug|x86.ActiveCfg = Debug|Any CPU
		{2DC89F2B-F826-4A42-9218-573455E4EC89}.Release|Any CPU.ActiveCfg = Release|Any CPU
		{2DC89F2B-F826-4A42-9218-573455E4EC89}.Release|Any CPU.Build.0 = Release|Any CPU
		{2DC89F2B-F826-4A42-9218-573455E4EC89}.Release|Mixed Platforms.ActiveCfg = Release|Any CPU
		{2DC89F2B-F826-4A42-9218-573455E4EC89}.Release|Mixed Platforms.Build.0 = Release|Any CPU
		{2DC89F2B-F826-4A42-9218-573455E4EC89}.Release|x86.ActiveCfg = Release|Any CPU
		{E13B3769-AFDA-4EFD-9075-570A3FC3FF31}.Debug|Any CPU.ActiveCfg = Debug|Any CPU
		{E13B3769-AFDA-4EFD-9075-570A3FC3FF31}.Debug|Any CPU.Build.0 = Debug|Any CPU
		{E13B3769-AFDA-4EFD-9075-570A3FC3FF31}.Debug|Mixed Platforms.ActiveCfg = Debug|Any CPU
		{E13B3769-AFDA-4EFD-9075-570A3FC3FF31}.Debug|Mixed Platforms.Build.0 = Debug|Any CPU
		{E13B3769-AFDA-4EFD-9075-570A3FC3FF31}.Debug|x86.ActiveCfg = Debug|Any CPU
		{E13B3769-AFDA-4EFD-9075-570A3FC3FF31}.Release|Any CPU.ActiveCfg = Release|Any CPU
		{E13B3769-AFDA-4EFD-9075-570A3FC3FF31}.Release|Any CPU.Build.0 = Release|Any CPU
		{E13B3769-AFDA-4EFD-9075-570A3FC3FF31}.Release|Mixed Platforms.ActiveCfg = Release|Any CPU
		{E13B3769-AFDA-4EFD-9075-570A3FC3FF31}.Release|Mixed Platforms.Build.0 = Release|Any CPU
		{E13B3769-AFDA-4EFD-9075-570A3FC3FF31}.Release|x86.ActiveCfg = Release|Any CPU
		{57008ABA-3D0A-400D-A286-4155057A217C}.Debug|Any CPU.ActiveCfg = Debug|Any CPU
		{57008ABA-3D0A-400D-A286-4155057A217C}.Debug|Any CPU.Build.0 = Debug|Any CPU
		{57008ABA-3D0A-400D-A286-4155057A217C}.Debug|Mixed Platforms.ActiveCfg = Debug|Any CPU
		{57008ABA-3D0A-400D-A286-4155057A217C}.Debug|Mixed Platforms.Build.0 = Debug|Any CPU
		{57008ABA-3D0A-400D-A286-4155057A217C}.Debug|x86.ActiveCfg = Debug|Any CPU
		{57008ABA-3D0A-400D-A286-4155057A217C}.Release|Any CPU.ActiveCfg = Release|Any CPU
		{57008ABA-3D0A-400D-A286-4155057A217C}.Release|Any CPU.Build.0 = Release|Any CPU
		{57008ABA-3D0A-400D-A286-4155057A217C}.Release|Mixed Platforms.ActiveCfg = Release|Any CPU
		{57008ABA-3D0A-400D-A286-4155057A217C}.Release|Mixed Platforms.Build.0 = Release|Any CPU
		{57008ABA-3D0A-400D-A286-4155057A217C}.Release|x86.ActiveCfg = Release|Any CPU
		{B3C6BB04-86A6-449F-8F5D-8DA5B4CA213B}.Debug|Any CPU.ActiveCfg = Debug|Any CPU
		{B3C6BB04-86A6-449F-8F5D-8DA5B4CA213B}.Debug|Any CPU.Build.0 = Debug|Any CPU
		{B3C6BB04-86A6-449F-8F5D-8DA5B4CA213B}.Debug|Mixed Platforms.ActiveCfg = Debug|Any CPU
		{B3C6BB04-86A6-449F-8F5D-8DA5B4CA213B}.Debug|Mixed Platforms.Build.0 = Debug|Any CPU
		{B3C6BB04-86A6-449F-8F5D-8DA5B4CA213B}.Debug|x86.ActiveCfg = Debug|Any CPU
		{B3C6BB04-86A6-449F-8F5D-8DA5B4CA213B}.Release|Any CPU.ActiveCfg = Release|Any CPU
		{B3C6BB04-86A6-449F-8F5D-8DA5B4CA213B}.Release|Any CPU.Build.0 = Release|Any CPU
		{B3C6BB04-86A6-449F-8F5D-8DA5B4CA213B}.Release|Mixed Platforms.ActiveCfg = Release|Any CPU
		{B3C6BB04-86A6-449F-8F5D-8DA5B4CA213B}.Release|Mixed Platforms.Build.0 = Release|Any CPU
		{B3C6BB04-86A6-449F-8F5D-8DA5B4CA213B}.Release|x86.ActiveCfg = Release|Any CPU
	EndGlobalSection
	GlobalSection(SolutionProperties) = preSolution
		HideSolutionNode = FALSE
	EndGlobalSection
	GlobalSection(NestedProjects) = preSolution
		{82B85FA1-91AF-49CE-847F-CFAE57637584} = {728982E1-D4D5-4417-BDA0-A54134D0C6A6}
		{E95FF36E-2378-44D3-91B6-3FBBB12C0F39} = {728982E1-D4D5-4417-BDA0-A54134D0C6A6}
		{5B76BACD-77DF-42D7-A4C1-2F9BBF8449EB} = {4E04AB38-A02D-45FB-852F-5E7639A540E6}
		{9E96324A-7F9A-408F-BA88-31D583FDF4A4} = {4E04AB38-A02D-45FB-852F-5E7639A540E6}
		{7233EE1E-27BC-4D4F-9BC2-041FFF0F010F} = {1F9E5B74-A936-4BDF-8279-75F7F5947C06}
		{C689E0CA-05DF-40EE-96F1-0D70F357E59E} = {1F9E5B74-A936-4BDF-8279-75F7F5947C06}
		{81BAC04F-3B3E-4785-89FD-924503E64BDD} = {001E3DEF-7918-459B-A539-1972492FE895}
		{ED41AE9F-D4AF-4739-AEA8-A8C2DF0BF67C} = {001E3DEF-7918-459B-A539-1972492FE895}
		{082F02B1-B766-408E-A5AF-759AEBEF551B} = {001E3DEF-7918-459B-A539-1972492FE895}
		{76DAADEF-57FD-4FB9-A333-91AD7DEBCEF9} = {001E3DEF-7918-459B-A539-1972492FE895}
		{FAD4AF4F-1F29-4305-B27F-24D08E86EC47} = {001E3DEF-7918-459B-A539-1972492FE895}
		{CCFB6C47-DB02-4E74-8AEF-BC0E39BFC563} = {001E3DEF-7918-459B-A539-1972492FE895}
		{B15E5EBF-3CA1-4E57-A424-D46E835035B0} = {001E3DEF-7918-459B-A539-1972492FE895}
		{CDB2E23E-1268-4688-994C-DB515758788E} = {001E3DEF-7918-459B-A539-1972492FE895}
		{2DC89F2B-F826-4A42-9218-573455E4EC89} = {001E3DEF-7918-459B-A539-1972492FE895}
		{E13B3769-AFDA-4EFD-9075-570A3FC3FF31} = {001E3DEF-7918-459B-A539-1972492FE895}
		{57008ABA-3D0A-400D-A286-4155057A217C} = {001E3DEF-7918-459B-A539-1972492FE895}
		{B3C6BB04-86A6-449F-8F5D-8DA5B4CA213B} = {001E3DEF-7918-459B-A539-1972492FE895}
	EndGlobalSection
EndGlobal
